
Microsoft Visual Studio Solution File, Format Version 12.00
# Visual Studio Version 17
VisualStudioVersion = 17.13.35825.156 d17.13
MinimumVisualStudioVersion = 10.0.40219.1
Project("{FAE04EC0-301F-11D3-BF4B-00C04F79EFBC}") = "VehicleManagementSystem", "VehicleManagementSystem.csproj", "{AC2A51AB-7D7B-4985-B8E3-EF639BF2C68E}"
EndProject
Global
	GlobalSection(SolutionConfigurationPlatforms) = preSolution
		Debug|Any CPU = Debug|Any CPU
		Release|Any CPU = Release|Any CPU
	EndGlobalSection
	GlobalSection(ProjectConfigurationPlatforms) = postSolution
		{AC2A51AB-7D7B-4985-B8E3-EF639BF2C68E}.Debug|Any CPU.ActiveCfg = Debug|Any CPU
		{AC2A51AB-7D7B-4985-B8E3-EF639BF2C68E}.Debug|Any CPU.Build.0 = Debug|Any CPU
		{AC2A51AB-7D7B-4985-B8E3-EF639BF2C68E}.Release|Any CPU.ActiveCfg = Release|Any CPU
		{AC2A51AB-7D7B-4985-B8E3-EF639BF2C68E}.Release|Any CPU.Build.0 = Release|Any CPU
	EndGlobalSection
	GlobalSection(SolutionProperties) = preSolution
		HideSolutionNode = FALSE
	EndGlobalSection
	GlobalSection(ExtensibilityGlobals) = postSolution
		SolutionGuid = {FE7A6559-C398-4A1B-9E63-78E5EE069F10}
	EndGlobalSection
EndGlobal
